
Microsoft Visual Studio Solution File, Format Version 12.00
# Visual Studio Version 17
VisualStudioVersion = 17.8.34525.116
MinimumVisualStudioVersion = 10.0.40219.1
Project("{9A19103F-16F7-4668-BE54-9A1E7A4F7556}") = "AspNetCoreSoapAuthBasicService", "AspNetCoreSoapAuthBasicService\AspNetCoreSoapAuthBasicService.csproj", "{2B07B430-A206-4E2A-843D-5A84023118FD}"
EndProject
Global
	GlobalSection(SolutionConfigurationPlatforms) = preSolution
		Debug|Any CPU = Debug|Any CPU
		Release|Any CPU = Release|Any CPU
	EndGlobalSection
	GlobalSection(ProjectConfigurationPlatforms) = postSolution
		{2B07B430-A206-4E2A-843D-5A84023118FD}.Debug|Any CPU.ActiveCfg = Debug|Any CPU
		{2B07B430-A206-4E2A-843D-5A84023118FD}.Debug|Any CPU.Build.0 = Debug|Any CPU
		{2B07B430-A206-4E2A-843D-5A84023118FD}.Release|Any CPU.ActiveCfg = Release|Any CPU
		{2B07B430-A206-4E2A-843D-5A84023118FD}.Release|Any CPU.Build.0 = Release|Any CPU
	EndGlobalSection
	GlobalSection(SolutionProperties) = preSolution
		HideSolutionNode = FALSE
	EndGlobalSection
	GlobalSection(ExtensibilityGlobals) = postSolution
		SolutionGuid = {79B59F41-21D0-463C-836D-9329E2837B38}
	EndGlobalSection
EndGlobal
